// !$*UTF8*$!
{
	archiveVersion = 1;
	classes = {
	};
	objectVersion = 46;
	objects = {

/* Begin PBXBuildFile section */
		B73D640D1A6E5ADB003718A1 /* Reachability.m in Sources */ = {isa = PBXBuildFile; fileRef = B73D640C1A6E5ADB003718A1 /* Reachability.m */; };
		B73D640F1A6E5CF3003718A1 /* checkin.png in Resources */ = {isa = PBXBuildFile; fileRef = B73D640E1A6E5CF3003718A1 /* checkin.png */; };
		B73D641B1A6E5F50003718A1 /* QuartzCore.framework in Frameworks */ = {isa = PBXBuildFile; fileRef = B73D641A1A6E5F50003718A1 /* QuartzCore.framework */; };
		B73D64421A6E6095003718A1 /* SystemConfiguration.framework in Frameworks */ = {isa = PBXBuildFile; fileRef = B73D64411A6E6095003718A1 /* SystemConfiguration.framework */; };
		B73D64441A6E61E6003718A1 /* setttings.png in Resources */ = {isa = PBXBuildFile; fileRef = B73D64431A6E61E6003718A1 /* setttings.png */; };
		B73D644B1A6E65C4003718A1 /* SVIndefiniteAnimatedView.m in Sources */ = {isa = PBXBuildFile; fileRef = B73D64461A6E65C4003718A1 /* SVIndefiniteAnimatedView.m */; };
		B73D644C1A6E65C4003718A1 /* SVProgressHUD.bundle in Resources */ = {isa = PBXBuildFile; fileRef = B73D64481A6E65C4003718A1 /* SVProgressHUD.bundle */; };
		B73D644D1A6E65C4003718A1 /* SVProgressHUD.m in Sources */ = {isa = PBXBuildFile; fileRef = B73D644A1A6E65C4003718A1 /* SVProgressHUD.m */; };
		B7595DBC1A6B767600F15F8C /* main.m in Sources */ = {isa = PBXBuildFile; fileRef = B7595DBB1A6B767600F15F8C /* main.m */; };
		B7595DBF1A6B767600F15F8C /* AppDelegate.m in Sources */ = {isa = PBXBuildFile; fileRef = B7595DBE1A6B767600F15F8C /* AppDelegate.m */; };
		B7595DC21A6B767600F15F8C /* ViewController.m in Sources */ = {isa = PBXBuildFile; fileRef = B7595DC11A6B767600F15F8C /* ViewController.m */; };
		B7595DC51A6B767600F15F8C /* Main.storyboard in Resources */ = {isa = PBXBuildFile; fileRef = B7595DC31A6B767600F15F8C /* Main.storyboard */; };
		B7595DC71A6B767600F15F8C /* Images.xcassets in Resources */ = {isa = PBXBuildFile; fileRef = B7595DC61A6B767600F15F8C /* Images.xcassets */; };
		B7595DCA1A6B767600F15F8C /* LaunchScreen.xib in Resources */ = {isa = PBXBuildFile; fileRef = B7595DC81A6B767600F15F8C /* LaunchScreen.xib */; };
		B7595DD61A6B767600F15F8C /* SquareTests.m in Sources */ = {isa = PBXBuildFile; fileRef = B7595DD51A6B767600F15F8C /* SquareTests.m */; };
		B7595DE01A6B784900F15F8C /* gnrsqr.png in Resources */ = {isa = PBXBuildFile; fileRef = B7595DDF1A6B784900F15F8C /* gnrsqr.png */; };
		B7595DF41A6B7F4100F15F8C /* AFHTTPRequestOperation.m in Sources */ = {isa = PBXBuildFile; fileRef = B7595DE21A6B7F4100F15F8C /* AFHTTPRequestOperation.m */; };
		B7595DF51A6B7F4100F15F8C /* AFHTTPRequestOperationManager.m in Sources */ = {isa = PBXBuildFile; fileRef = B7595DE41A6B7F4100F15F8C /* AFHTTPRequestOperationManager.m */; };
		B7595DF61A6B7F4100F15F8C /* AFHTTPSessionManager.m in Sources */ = {isa = PBXBuildFile; fileRef = B7595DE61A6B7F4100F15F8C /* AFHTTPSessionManager.m */; };
		B7595DF71A6B7F4100F15F8C /* AFNetworkReachabilityManager.m in Sources */ = {isa = PBXBuildFile; fileRef = B7595DE91A6B7F4100F15F8C /* AFNetworkReachabilityManager.m */; };
		B7595DF81A6B7F4100F15F8C /* AFSecurityPolicy.m in Sources */ = {isa = PBXBuildFile; fileRef = B7595DEB1A6B7F4100F15F8C /* AFSecurityPolicy.m */; };
		B7595DF91A6B7F4100F15F8C /* AFURLConnectionOperation.m in Sources */ = {isa = PBXBuildFile; fileRef = B7595DED1A6B7F4100F15F8C /* AFURLConnectionOperation.m */; };
		B7595DFA1A6B7F4100F15F8C /* AFURLRequestSerialization.m in Sources */ = {isa = PBXBuildFile; fileRef = B7595DEF1A6B7F4100F15F8C /* AFURLRequestSerialization.m */; };
		B7595DFB1A6B7F4100F15F8C /* AFURLResponseSerialization.m in Sources */ = {isa = PBXBuildFile; fileRef = B7595DF11A6B7F4100F15F8C /* AFURLResponseSerialization.m */; };
		B7595DFC1A6B7F4100F15F8C /* AFURLSessionManager.m in Sources */ = {isa = PBXBuildFile; fileRef = B7595DF31A6B7F4100F15F8C /* AFURLSessionManager.m */; };
		B790C9E51A728E1600640B8C /* checkin_green.png in Resources */ = {isa = PBXBuildFile; fileRef = B790C9E41A728E1600640B8C /* checkin_green.png */; };
		B790C9E81A728EB700640B8C /* CheckInViewController.m in Sources */ = {isa = PBXBuildFile; fileRef = B790C9E71A728EB700640B8C /* CheckInViewController.m */; };
		B790C9EA1A72957C00640B8C /* nash.jpg in Resources */ = {isa = PBXBuildFile; fileRef = B790C9E91A72957C00640B8C /* nash.jpg */; };
		B790C9EE1A72979500640B8C /* map_pinned.png in Resources */ = {isa = PBXBuildFile; fileRef = B790C9ED1A72979500640B8C /* map_pinned.png */; };
		B790C9F21A729C5700640B8C /* green_button.png in Resources */ = {isa = PBXBuildFile; fileRef = B790C9F11A729C5700640B8C /* green_button.png */; };
		B790C9F41A729CCF00640B8C /* red_button.png in Resources */ = {isa = PBXBuildFile; fileRef = B790C9F31A729CCF00640B8C /* red_button.png */; };
		B790C9F81A72A25900640B8C /* green_bg.png in Resources */ = {isa = PBXBuildFile; fileRef = B790C9F71A72A25900640B8C /* green_bg.png */; };
		B790C9FB1A72A7D300640B8C /* SettingsViewController.m in Sources */ = {isa = PBXBuildFile; fileRef = B790C9FA1A72A7D300640B8C /* SettingsViewController.m */; };
/* End PBXBuildFile section */

/* Begin PBXContainerItemProxy section */
		B7595DD01A6B767600F15F8C /* PBXContainerItemProxy */ = {
			isa = PBXContainerItemProxy;
			containerPortal = B7595DAE1A6B767600F15F8C /* Project object */;
			proxyType = 1;
			remoteGlobalIDString = B7595DB51A6B767600F15F8C;
			remoteInfo = Square;
		};
/* End PBXContainerItemProxy section */

/* Begin PBXFileReference section */
		B73D640B1A6E5ADB003718A1 /* Reachability.h */ = {isa = PBXFileReference; fileEncoding = 4; lastKnownFileType = sourcecode.c.h; path = Reachability.h; sourceTree = "<group>"; };
		B73D640C1A6E5ADB003718A1 /* Reachability.m */ = {isa = PBXFileReference; fileEncoding = 4; lastKnownFileType = sourcecode.c.objc; path = Reachability.m; sourceTree = "<group>"; };
		B73D640E1A6E5CF3003718A1 /* checkin.png */ = {isa = PBXFileReference; lastKnownFileType = image.png; path = checkin.png; sourceTree = "<group>"; };
		B73D641A1A6E5F50003718A1 /* QuartzCore.framework */ = {isa = PBXFileReference; lastKnownFileType = wrapper.framework; name = QuartzCore.framework; path = System/Library/Frameworks/QuartzCore.framework; sourceTree = SDKROOT; };
		B73D64411A6E6095003718A1 /* SystemConfiguration.framework */ = {isa = PBXFileReference; lastKnownFileType = wrapper.framework; name = SystemConfiguration.framework; path = System/Library/Frameworks/SystemConfiguration.framework; sourceTree = SDKROOT; };
		B73D64431A6E61E6003718A1 /* setttings.png */ = {isa = PBXFileReference; lastKnownFileType = image.png; path = setttings.png; sourceTree = "<group>"; };
		B73D64451A6E65C4003718A1 /* SVIndefiniteAnimatedView.h */ = {isa = PBXFileReference; fileEncoding = 4; lastKnownFileType = sourcecode.c.h; path = SVIndefiniteAnimatedView.h; sourceTree = "<group>"; };
		B73D64461A6E65C4003718A1 /* SVIndefiniteAnimatedView.m */ = {isa = PBXFileReference; fileEncoding = 4; lastKnownFileType = sourcecode.c.objc; path = SVIndefiniteAnimatedView.m; sourceTree = "<group>"; };
		B73D64471A6E65C4003718A1 /* SVProgressHUD-Prefix.pch */ = {isa = PBXFileReference; fileEncoding = 4; lastKnownFileType = sourcecode.c.h; path = "SVProgressHUD-Prefix.pch"; sourceTree = "<group>"; };
		B73D64481A6E65C4003718A1 /* SVProgressHUD.bundle */ = {isa = PBXFileReference; lastKnownFileType = "wrapper.plug-in"; path = SVProgressHUD.bundle; sourceTree = "<group>"; };
		B73D64491A6E65C4003718A1 /* SVProgressHUD.h */ = {isa = PBXFileReference; fileEncoding = 4; lastKnownFileType = sourcecode.c.h; path = SVProgressHUD.h; sourceTree = "<group>"; };
		B73D644A1A6E65C4003718A1 /* SVProgressHUD.m */ = {isa = PBXFileReference; fileEncoding = 4; lastKnownFileType = sourcecode.c.objc; path = SVProgressHUD.m; sourceTree = "<group>"; };
		B7595DB61A6B767600F15F8C /* Square.app */ = {isa = PBXFileReference; explicitFileType = wrapper.application; includeInIndex = 0; path = Square.app; sourceTree = BUILT_PRODUCTS_DIR; };
		B7595DBA1A6B767600F15F8C /* Info.plist */ = {isa = PBXFileReference; lastKnownFileType = text.plist.xml; path = Info.plist; sourceTree = "<group>"; };
		B7595DBB1A6B767600F15F8C /* main.m */ = {isa = PBXFileReference; lastKnownFileType = sourcecode.c.objc; path = main.m; sourceTree = "<group>"; };
		B7595DBD1A6B767600F15F8C /* AppDelegate.h */ = {isa = PBXFileReference; lastKnownFileType = sourcecode.c.h; path = AppDelegate.h; sourceTree = "<group>"; };
		B7595DBE1A6B767600F15F8C /* AppDelegate.m */ = {isa = PBXFileReference; lastKnownFileType = sourcecode.c.objc; path = AppDelegate.m; sourceTree = "<group>"; };
		B7595DC01A6B767600F15F8C /* ViewController.h */ = {isa = PBXFileReference; lastKnownFileType = sourcecode.c.h; path = ViewController.h; sourceTree = "<group>"; };
		B7595DC11A6B767600F15F8C /* ViewController.m */ = {isa = PBXFileReference; lastKnownFileType = sourcecode.c.objc; path = ViewController.m; sourceTree = "<group>"; };
		B7595DC41A6B767600F15F8C /* Base */ = {isa = PBXFileReference; lastKnownFileType = file.storyboard; name = Base; path = Base.lproj/Main.storyboard; sourceTree = "<group>"; };
		B7595DC61A6B767600F15F8C /* Images.xcassets */ = {isa = PBXFileReference; lastKnownFileType = folder.assetcatalog; path = Images.xcassets; sourceTree = "<group>"; };
		B7595DC91A6B767600F15F8C /* Base */ = {isa = PBXFileReference; lastKnownFileType = file.xib; name = Base; path = Base.lproj/LaunchScreen.xib; sourceTree = "<group>"; };
		B7595DCF1A6B767600F15F8C /* SquareTests.xctest */ = {isa = PBXFileReference; explicitFileType = wrapper.cfbundle; includeInIndex = 0; path = SquareTests.xctest; sourceTree = BUILT_PRODUCTS_DIR; };
		B7595DD41A6B767600F15F8C /* Info.plist */ = {isa = PBXFileReference; lastKnownFileType = text.plist.xml; path = Info.plist; sourceTree = "<group>"; };
		B7595DD51A6B767600F15F8C /* SquareTests.m */ = {isa = PBXFileReference; lastKnownFileType = sourcecode.c.objc; path = SquareTests.m; sourceTree = "<group>"; };
		B7595DDF1A6B784900F15F8C /* gnrsqr.png */ = {isa = PBXFileReference; lastKnownFileType = image.png; path = gnrsqr.png; sourceTree = "<group>"; };
		B7595DE11A6B7F4100F15F8C /* AFHTTPRequestOperation.h */ = {isa = PBXFileReference; fileEncoding = 4; lastKnownFileType = sourcecode.c.h; path = AFHTTPRequestOperation.h; sourceTree = "<group>"; };
		B7595DE21A6B7F4100F15F8C /* AFHTTPRequestOperation.m */ = {isa = PBXFileReference; fileEncoding = 4; lastKnownFileType = sourcecode.c.objc; path = AFHTTPRequestOperation.m; sourceTree = "<group>"; };
		B7595DE31A6B7F4100F15F8C /* AFHTTPRequestOperationManager.h */ = {isa = PBXFileReference; fileEncoding = 4; lastKnownFileType = sourcecode.c.h; path = AFHTTPRequestOperationManager.h; sourceTree = "<group>"; };
		B7595DE41A6B7F4100F15F8C /* AFHTTPRequestOperationManager.m */ = {isa = PBXFileReference; fileEncoding = 4; lastKnownFileType = sourcecode.c.objc; path = AFHTTPRequestOperationManager.m; sourceTree = "<group>"; };
		B7595DE51A6B7F4100F15F8C /* AFHTTPSessionManager.h */ = {isa = PBXFileReference; fileEncoding = 4; lastKnownFileType = sourcecode.c.h; path = AFHTTPSessionManager.h; sourceTree = "<group>"; };
		B7595DE61A6B7F4100F15F8C /* AFHTTPSessionManager.m */ = {isa = PBXFileReference; fileEncoding = 4; lastKnownFileType = sourcecode.c.objc; path = AFHTTPSessionManager.m; sourceTree = "<group>"; };
		B7595DE71A6B7F4100F15F8C /* AFNetworking.h */ = {isa = PBXFileReference; fileEncoding = 4; lastKnownFileType = sourcecode.c.h; path = AFNetworking.h; sourceTree = "<group>"; };
		B7595DE81A6B7F4100F15F8C /* AFNetworkReachabilityManager.h */ = {isa = PBXFileReference; fileEncoding = 4; lastKnownFileType = sourcecode.c.h; path = AFNetworkReachabilityManager.h; sourceTree = "<group>"; };
		B7595DE91A6B7F4100F15F8C /* AFNetworkReachabilityManager.m */ = {isa = PBXFileReference; fileEncoding = 4; lastKnownFileType = sourcecode.c.objc; path = AFNetworkReachabilityManager.m; sourceTree = "<group>"; };
		B7595DEA1A6B7F4100F15F8C /* AFSecurityPolicy.h */ = {isa = PBXFileReference; fileEncoding = 4; lastKnownFileType = sourcecode.c.h; path = AFSecurityPolicy.h; sourceTree = "<group>"; };
		B7595DEB1A6B7F4100F15F8C /* AFSecurityPolicy.m */ = {isa = PBXFileReference; fileEncoding = 4; lastKnownFileType = sourcecode.c.objc; path = AFSecurityPolicy.m; sourceTree = "<group>"; };
		B7595DEC1A6B7F4100F15F8C /* AFURLConnectionOperation.h */ = {isa = PBXFileReference; fileEncoding = 4; lastKnownFileType = sourcecode.c.h; path = AFURLConnectionOperation.h; sourceTree = "<group>"; };
		B7595DED1A6B7F4100F15F8C /* AFURLConnectionOperation.m */ = {isa = PBXFileReference; fileEncoding = 4; lastKnownFileType = sourcecode.c.objc; path = AFURLConnectionOperation.m; sourceTree = "<group>"; };
		B7595DEE1A6B7F4100F15F8C /* AFURLRequestSerialization.h */ = {isa = PBXFileReference; fileEncoding = 4; lastKnownFileType = sourcecode.c.h; path = AFURLRequestSerialization.h; sourceTree = "<group>"; };
		B7595DEF1A6B7F4100F15F8C /* AFURLRequestSerialization.m */ = {isa = PBXFileReference; fileEncoding = 4; lastKnownFileType = sourcecode.c.objc; path = AFURLRequestSerialization.m; sourceTree = "<group>"; };
		B7595DF01A6B7F4100F15F8C /* AFURLResponseSerialization.h */ = {isa = PBXFileReference; fileEncoding = 4; lastKnownFileType = sourcecode.c.h; path = AFURLResponseSerialization.h; sourceTree = "<group>"; };
		B7595DF11A6B7F4100F15F8C /* AFURLResponseSerialization.m */ = {isa = PBXFileReference; fileEncoding = 4; lastKnownFileType = sourcecode.c.objc; path = AFURLResponseSerialization.m; sourceTree = "<group>"; };
		B7595DF21A6B7F4100F15F8C /* AFURLSessionManager.h */ = {isa = PBXFileReference; fileEncoding = 4; lastKnownFileType = sourcecode.c.h; path = AFURLSessionManager.h; sourceTree = "<group>"; };
		B7595DF31A6B7F4100F15F8C /* AFURLSessionManager.m */ = {isa = PBXFileReference; fileEncoding = 4; lastKnownFileType = sourcecode.c.objc; path = AFURLSessionManager.m; sourceTree = "<group>"; };
		B790C9E41A728E1600640B8C /* checkin_green.png */ = {isa = PBXFileReference; lastKnownFileType = image.png; path = checkin_green.png; sourceTree = "<group>"; };
		B790C9E61A728EB700640B8C /* CheckInViewController.h */ = {isa = PBXFileReference; fileEncoding = 4; lastKnownFileType = sourcecode.c.h; path = CheckInViewController.h; sourceTree = "<group>"; };
		B790C9E71A728EB700640B8C /* CheckInViewController.m */ = {isa = PBXFileReference; fileEncoding = 4; lastKnownFileType = sourcecode.c.objc; path = CheckInViewController.m; sourceTree = "<group>"; };
		B790C9E91A72957C00640B8C /* nash.jpg */ = {isa = PBXFileReference; lastKnownFileType = image.jpeg; path = nash.jpg; sourceTree = "<group>"; };
		B790C9ED1A72979500640B8C /* map_pinned.png */ = {isa = PBXFileReference; lastKnownFileType = image.png; path = map_pinned.png; sourceTree = "<group>"; };
		B790C9F11A729C5700640B8C /* green_button.png */ = {isa = PBXFileReference; lastKnownFileType = image.png; path = green_button.png; sourceTree = "<group>"; };
		B790C9F31A729CCF00640B8C /* red_button.png */ = {isa = PBXFileReference; lastKnownFileType = image.png; path = red_button.png; sourceTree = "<group>"; };
		B790C9F71A72A25900640B8C /* green_bg.png */ = {isa = PBXFileReference; lastKnownFileType = image.png; path = green_bg.png; sourceTree = "<group>"; };
		B790C9F91A72A7D300640B8C /* SettingsViewController.h */ = {isa = PBXFileReference; fileEncoding = 4; lastKnownFileType = sourcecode.c.h; path = SettingsViewController.h; sourceTree = "<group>"; };
		B790C9FA1A72A7D300640B8C /* SettingsViewController.m */ = {isa = PBXFileReference; fileEncoding = 4; lastKnownFileType = sourcecode.c.objc; path = SettingsViewController.m; sourceTree = "<group>"; };
/* End PBXFileReference section */

/* Begin PBXFrameworksBuildPhase section */
		B7595DB31A6B767600F15F8C /* Frameworks */ = {
			isa = PBXFrameworksBuildPhase;
			buildActionMask = 2147483647;
			files = (
				B73D64421A6E6095003718A1 /* SystemConfiguration.framework in Frameworks */,
				B73D641B1A6E5F50003718A1 /* QuartzCore.framework in Frameworks */,
			);
			runOnlyForDeploymentPostprocessing = 0;
		};
		B7595DCC1A6B767600F15F8C /* Frameworks */ = {
			isa = PBXFrameworksBuildPhase;
			buildActionMask = 2147483647;
			files = (
			);
			runOnlyForDeploymentPostprocessing = 0;
		};
/* End PBXFrameworksBuildPhase section */

/* Begin PBXGroup section */
		B73D644E1A6E65CB003718A1 /* SVProgressHUD */ = {
			isa = PBXGroup;
			children = (
				B73D64451A6E65C4003718A1 /* SVIndefiniteAnimatedView.h */,
				B73D64461A6E65C4003718A1 /* SVIndefiniteAnimatedView.m */,
				B73D64471A6E65C4003718A1 /* SVProgressHUD-Prefix.pch */,
				B73D64481A6E65C4003718A1 /* SVProgressHUD.bundle */,
				B73D64491A6E65C4003718A1 /* SVProgressHUD.h */,
				B73D644A1A6E65C4003718A1 /* SVProgressHUD.m */,
			);
			name = SVProgressHUD;
			sourceTree = "<group>";
		};
		B7595DAD1A6B767600F15F8C = {
			isa = PBXGroup;
			children = (
				B73D644E1A6E65CB003718A1 /* SVProgressHUD */,
				B73D64411A6E6095003718A1 /* SystemConfiguration.framework */,
				B73D641A1A6E5F50003718A1 /* QuartzCore.framework */,
				B7595DB81A6B767600F15F8C /* Square */,
				B7595DD21A6B767600F15F8C /* SquareTests */,
				B7595DB71A6B767600F15F8C /* Products */,
			);
			sourceTree = "<group>";
		};
		B7595DB71A6B767600F15F8C /* Products */ = {
			isa = PBXGroup;
			children = (
				B7595DB61A6B767600F15F8C /* Square.app */,
				B7595DCF1A6B767600F15F8C /* SquareTests.xctest */,
			);
			name = Products;
			sourceTree = "<group>";
		};
		B7595DB81A6B767600F15F8C /* Square */ = {
			isa = PBXGroup;
			children = (
				B73D640B1A6E5ADB003718A1 /* Reachability.h */,
				B73D640C1A6E5ADB003718A1 /* Reachability.m */,
				B7595DFD1A6B7F4700F15F8C /* AFNetworking */,
				B7595DBD1A6B767600F15F8C /* AppDelegate.h */,
				B7595DBE1A6B767600F15F8C /* AppDelegate.m */,
				B790C9E61A728EB700640B8C /* CheckInViewController.h */,
				B790C9E71A728EB700640B8C /* CheckInViewController.m */,
				B790C9F91A72A7D300640B8C /* SettingsViewController.h */,
				B790C9FA1A72A7D300640B8C /* SettingsViewController.m */,
				B7595DC01A6B767600F15F8C /* ViewController.h */,
				B7595DC11A6B767600F15F8C /* ViewController.m */,
				B7595DC31A6B767600F15F8C /* Main.storyboard */,
				B7595DC61A6B767600F15F8C /* Images.xcassets */,
				B7595DC81A6B767600F15F8C /* LaunchScreen.xib */,
				B7595DB91A6B767600F15F8C /* Supporting Files */,
			);
			path = Square;
			sourceTree = "<group>";
		};
		B7595DB91A6B767600F15F8C /* Supporting Files */ = {
			isa = PBXGroup;
			children = (
				B790C9F71A72A25900640B8C /* green_bg.png */,
				B790C9F31A729CCF00640B8C /* red_button.png */,
				B790C9F11A729C5700640B8C /* green_button.png */,
				B790C9ED1A72979500640B8C /* map_pinned.png */,
				B790C9E91A72957C00640B8C /* nash.jpg */,
				B790C9E41A728E1600640B8C /* checkin_green.png */,
				B73D64431A6E61E6003718A1 /* setttings.png */,
				B73D640E1A6E5CF3003718A1 /* checkin.png */,
				B7595DDF1A6B784900F15F8C /* gnrsqr.png */,
				B7595DBA1A6B767600F15F8C /* Info.plist */,
				B7595DBB1A6B767600F15F8C /* main.m */,
			);
			name = "Supporting Files";
			sourceTree = "<group>";
		};
		B7595DD21A6B767600F15F8C /* SquareTests */ = {
			isa = PBXGroup;
			children = (
				B7595DD51A6B767600F15F8C /* SquareTests.m */,
				B7595DD31A6B767600F15F8C /* Supporting Files */,
			);
			path = SquareTests;
			sourceTree = "<group>";
		};
		B7595DD31A6B767600F15F8C /* Supporting Files */ = {
			isa = PBXGroup;
			children = (
				B7595DD41A6B767600F15F8C /* Info.plist */,
			);
			name = "Supporting Files";
			sourceTree = "<group>";
		};
		B7595DFD1A6B7F4700F15F8C /* AFNetworking */ = {
			isa = PBXGroup;
			children = (
				B7595DE11A6B7F4100F15F8C /* AFHTTPRequestOperation.h */,
				B7595DE21A6B7F4100F15F8C /* AFHTTPRequestOperation.m */,
				B7595DE31A6B7F4100F15F8C /* AFHTTPRequestOperationManager.h */,
				B7595DE41A6B7F4100F15F8C /* AFHTTPRequestOperationManager.m */,
				B7595DE51A6B7F4100F15F8C /* AFHTTPSessionManager.h */,
				B7595DE61A6B7F4100F15F8C /* AFHTTPSessionManager.m */,
				B7595DE71A6B7F4100F15F8C /* AFNetworking.h */,
				B7595DE81A6B7F4100F15F8C /* AFNetworkReachabilityManager.h */,
				B7595DE91A6B7F4100F15F8C /* AFNetworkReachabilityManager.m */,
				B7595DEA1A6B7F4100F15F8C /* AFSecurityPolicy.h */,
				B7595DEB1A6B7F4100F15F8C /* AFSecurityPolicy.m */,
				B7595DEC1A6B7F4100F15F8C /* AFURLConnectionOperation.h */,
				B7595DED1A6B7F4100F15F8C /* AFURLConnectionOperation.m */,
				B7595DEE1A6B7F4100F15F8C /* AFURLRequestSerialization.h */,
				B7595DEF1A6B7F4100F15F8C /* AFURLRequestSerialization.m */,
				B7595DF01A6B7F4100F15F8C /* AFURLResponseSerialization.h */,
				B7595DF11A6B7F4100F15F8C /* AFURLResponseSerialization.m */,
				B7595DF21A6B7F4100F15F8C /* AFURLSessionManager.h */,
				B7595DF31A6B7F4100F15F8C /* AFURLSessionManager.m */,
			);
			name = AFNetworking;
			sourceTree = "<group>";
		};
/* End PBXGroup section */

/* Begin PBXNativeTarget section */
		B7595DB51A6B767600F15F8C /* Square */ = {
			isa = PBXNativeTarget;
			buildConfigurationList = B7595DD91A6B767600F15F8C /* Build configuration list for PBXNativeTarget "Square" */;
			buildPhases = (
				B7595DB21A6B767600F15F8C /* Sources */,
				B7595DB31A6B767600F15F8C /* Frameworks */,
				B7595DB41A6B767600F15F8C /* Resources */,
			);
			buildRules = (
			);
			dependencies = (
			);
			name = Square;
			productName = Square;
			productReference = B7595DB61A6B767600F15F8C /* Square.app */;
			productType = "com.apple.product-type.application";
		};
		B7595DCE1A6B767600F15F8C /* SquareTests */ = {
			isa = PBXNativeTarget;
			buildConfigurationList = B7595DDC1A6B767600F15F8C /* Build configuration list for PBXNativeTarget "SquareTests" */;
			buildPhases = (
				B7595DCB1A6B767600F15F8C /* Sources */,
				B7595DCC1A6B767600F15F8C /* Frameworks */,
				B7595DCD1A6B767600F15F8C /* Resources */,
			);
			buildRules = (
			);
			dependencies = (
				B7595DD11A6B767600F15F8C /* PBXTargetDependency */,
			);
			name = SquareTests;
			productName = SquareTests;
			productReference = B7595DCF1A6B767600F15F8C /* SquareTests.xctest */;
			productType = "com.apple.product-type.bundle.unit-test";
		};
/* End PBXNativeTarget section */

/* Begin PBXProject section */
		B7595DAE1A6B767600F15F8C /* Project object */ = {
			isa = PBXProject;
			attributes = {
				LastUpgradeCheck = 0600;
				ORGANIZATIONNAME = "Mahbub Morshed";
				TargetAttributes = {
					B7595DB51A6B767600F15F8C = {
						CreatedOnToolsVersion = 6.0.1;
						DevelopmentTeam = 325H8SUU33;
					};
					B7595DCE1A6B767600F15F8C = {
						CreatedOnToolsVersion = 6.0.1;
						TestTargetID = B7595DB51A6B767600F15F8C;
					};
				};
			};
			buildConfigurationList = B7595DB11A6B767600F15F8C /* Build configuration list for PBXProject "Square" */;
			compatibilityVersion = "Xcode 3.2";
			developmentRegion = English;
			hasScannedForEncodings = 0;
			knownRegions = (
				en,
				Base,
			);
			mainGroup = B7595DAD1A6B767600F15F8C;
			productRefGroup = B7595DB71A6B767600F15F8C /* Products */;
			projectDirPath = "";
			projectRoot = "";
			targets = (
				B7595DB51A6B767600F15F8C /* Square */,
				B7595DCE1A6B767600F15F8C /* SquareTests */,
			);
		};
/* End PBXProject section */

/* Begin PBXResourcesBuildPhase section */
		B7595DB41A6B767600F15F8C /* Resources */ = {
			isa = PBXResourcesBuildPhase;
			buildActionMask = 2147483647;
			files = (
				B73D644C1A6E65C4003718A1 /* SVProgressHUD.bundle in Resources */,
				B790C9E51A728E1600640B8C /* checkin_green.png in Resources */,
				B790C9F41A729CCF00640B8C /* red_button.png in Resources */,
				B790C9F21A729C5700640B8C /* green_button.png in Resources */,
				B7595DC51A6B767600F15F8C /* Main.storyboard in Resources */,
				B73D64441A6E61E6003718A1 /* setttings.png in Resources */,
				B790C9EA1A72957C00640B8C /* nash.jpg in Resources */,
				B7595DCA1A6B767600F15F8C /* LaunchScreen.xib in Resources */,
				B790C9F81A72A25900640B8C /* green_bg.png in Resources */,
				B790C9EE1A72979500640B8C /* map_pinned.png in Resources */,
				B73D640F1A6E5CF3003718A1 /* checkin.png in Resources */,
				B7595DE01A6B784900F15F8C /* gnrsqr.png in Resources */,
				B7595DC71A6B767600F15F8C /* Images.xcassets in Resources */,
			);
			runOnlyForDeploymentPostprocessing = 0;
		};
		B7595DCD1A6B767600F15F8C /* Resources */ = {
			isa = PBXResourcesBuildPhase;
			buildActionMask = 2147483647;
			files = (
			);
			runOnlyForDeploymentPostprocessing = 0;
		};
/* End PBXResourcesBuildPhase section */

/* Begin PBXSourcesBuildPhase section */
		B7595DB21A6B767600F15F8C /* Sources */ = {
			isa = PBXSourcesBuildPhase;
			buildActionMask = 2147483647;
			files = (
				B73D640D1A6E5ADB003718A1 /* Reachability.m in Sources */,
				B7595DF41A6B7F4100F15F8C /* AFHTTPRequestOperation.m in Sources */,
				B73D644D1A6E65C4003718A1 /* SVProgressHUD.m in Sources */,
				B7595DC21A6B767600F15F8C /* ViewController.m in Sources */,
				B7595DF51A6B7F4100F15F8C /* AFHTTPRequestOperationManager.m in Sources */,
				B7595DF71A6B7F4100F15F8C /* AFNetworkReachabilityManager.m in Sources */,
				B790C9E81A728EB700640B8C /* CheckInViewController.m in Sources */,
				B73D644B1A6E65C4003718A1 /* SVIndefiniteAnimatedView.m in Sources */,
				B7595DFB1A6B7F4100F15F8C /* AFURLResponseSerialization.m in Sources */,
				B790C9FB1A72A7D300640B8C /* SettingsViewController.m in Sources */,
				B7595DF91A6B7F4100F15F8C /* AFURLConnectionOperation.m in Sources */,
				B7595DF81A6B7F4100F15F8C /* AFSecurityPolicy.m in Sources */,
				B7595DF61A6B7F4100F15F8C /* AFHTTPSessionManager.m in Sources */,
				B7595DFA1A6B7F4100F15F8C /* AFURLRequestSerialization.m in Sources */,
				B7595DFC1A6B7F4100F15F8C /* AFURLSessionManager.m in Sources */,
				B7595DBF1A6B767600F15F8C /* AppDelegate.m in Sources */,
				B7595DBC1A6B767600F15F8C /* main.m in Sources */,
			);
			runOnlyForDeploymentPostprocessing = 0;
		};
		B7595DCB1A6B767600F15F8C /* Sources */ = {
			isa = PBXSourcesBuildPhase;
			buildActionMask = 2147483647;
			files = (
				B7595DD61A6B767600F15F8C /* SquareTests.m in Sources */,
			);
			runOnlyForDeploymentPostprocessing = 0;
		};
/* End PBXSourcesBuildPhase section */

/* Begin PBXTargetDependency section */
		B7595DD11A6B767600F15F8C /* PBXTargetDependency */ = {
			isa = PBXTargetDependency;
			target = B7595DB51A6B767600F15F8C /* Square */;
			targetProxy = B7595DD01A6B767600F15F8C /* PBXContainerItemProxy */;
		};
/* End PBXTargetDependency section */

/* Begin PBXVariantGroup section */
		B7595DC31A6B767600F15F8C /* Main.storyboard */ = {
			isa = PBXVariantGroup;
			children = (
				B7595DC41A6B767600F15F8C /* Base */,
			);
			name = Main.storyboard;
			sourceTree = "<group>";
		};
		B7595DC81A6B767600F15F8C /* LaunchScreen.xib */ = {
			isa = PBXVariantGroup;
			children = (
				B7595DC91A6B767600F15F8C /* Base */,
			);
			name = LaunchScreen.xib;
			sourceTree = "<group>";
		};
/* End PBXVariantGroup section */

/* Begin XCBuildConfiguration section */
		B7595DD71A6B767600F15F8C /* Debug */ = {
			isa = XCBuildConfiguration;
			buildSettings = {
				ALWAYS_SEARCH_USER_PATHS = NO;
				CLANG_CXX_LANGUAGE_STANDARD = "gnu++0x";
				CLANG_CXX_LIBRARY = "libc++";
				CLANG_ENABLE_MODULES = YES;
				CLANG_ENABLE_OBJC_ARC = YES;
				CLANG_WARN_BOOL_CONVERSION = YES;
				CLANG_WARN_CONSTANT_CONVERSION = YES;
				CLANG_WARN_DIRECT_OBJC_ISA_USAGE = YES_ERROR;
				CLANG_WARN_EMPTY_BODY = YES;
				CLANG_WARN_ENUM_CONVERSION = YES;
				CLANG_WARN_INT_CONVERSION = YES;
				CLANG_WARN_OBJC_ROOT_CLASS = YES_ERROR;
				CLANG_WARN_UNREACHABLE_CODE = YES;
				CLANG_WARN__DUPLICATE_METHOD_MATCH = YES;
				"CODE_SIGN_IDENTITY[sdk=iphoneos*]" = "iPhone Developer";
				COPY_PHASE_STRIP = NO;
				ENABLE_STRICT_OBJC_MSGSEND = YES;
				GCC_C_LANGUAGE_STANDARD = gnu99;
				GCC_DYNAMIC_NO_PIC = NO;
				GCC_OPTIMIZATION_LEVEL = 0;
				GCC_PREPROCESSOR_DEFINITIONS = (
					"DEBUG=1",
					"$(inherited)",
				);
				GCC_SYMBOLS_PRIVATE_EXTERN = NO;
				GCC_WARN_64_TO_32_BIT_CONVERSION = YES;
				GCC_WARN_ABOUT_RETURN_TYPE = YES_ERROR;
				GCC_WARN_UNDECLARED_SELECTOR = YES;
				GCC_WARN_UNINITIALIZED_AUTOS = YES_AGGRESSIVE;
				GCC_WARN_UNUSED_FUNCTION = YES;
				GCC_WARN_UNUSED_VARIABLE = YES;
				IPHONEOS_DEPLOYMENT_TARGET = 8.0;
				MTL_ENABLE_DEBUG_INFO = YES;
				ONLY_ACTIVE_ARCH = YES;
				SDKROOT = iphoneos;
			};
			name = Debug;
		};
		B7595DD81A6B767600F15F8C /* Release */ = {
			isa = XCBuildConfiguration;
			buildSettings = {
				ALWAYS_SEARCH_USER_PATHS = NO;
				CLANG_CXX_LANGUAGE_STANDARD = "gnu++0x";
				CLANG_CXX_LIBRARY = "libc++";
				CLANG_ENABLE_MODULES = YES;
				CLANG_ENABLE_OBJC_ARC = YES;
				CLANG_WARN_BOOL_CONVERSION = YES;
				CLANG_WARN_CONSTANT_CONVERSION = YES;
				CLANG_WARN_DIRECT_OBJC_ISA_USAGE = YES_ERROR;
				CLANG_WARN_EMPTY_BODY = YES;
				CLANG_WARN_ENUM_CONVERSION = YES;
				CLANG_WARN_INT_CONVERSION = YES;
				CLANG_WARN_OBJC_ROOT_CLASS = YES_ERROR;
				CLANG_WARN_UNREACHABLE_CODE = YES;
				CLANG_WARN__DUPLICATE_METHOD_MATCH = YES;
				"CODE_SIGN_IDENTITY[sdk=iphoneos*]" = "iPhone Developer";
				COPY_PHASE_STRIP = YES;
				ENABLE_NS_ASSERTIONS = NO;
				ENABLE_STRICT_OBJC_MSGSEND = YES;
				GCC_C_LANGUAGE_STANDARD = gnu99;
				GCC_WARN_64_TO_32_BIT_CONVERSION = YES;
				GCC_WARN_ABOUT_RETURN_TYPE = YES_ERROR;
				GCC_WARN_UNDECLARED_SELECTOR = YES;
				GCC_WARN_UNINITIALIZED_AUTOS = YES_AGGRESSIVE;
				GCC_WARN_UNUSED_FUNCTION = YES;
				GCC_WARN_UNUSED_VARIABLE = YES;
				IPHONEOS_DEPLOYMENT_TARGET = 8.0;
				MTL_ENABLE_DEBUG_INFO = NO;
				SDKROOT = iphoneos;
				VALIDATE_PRODUCT = YES;
			};
			name = Release;
		};
		B7595DDA1A6B767600F15F8C /* Debug */ = {
			isa = XCBuildConfiguration;
			buildSettings = {
				ASSETCATALOG_COMPILER_APPICON_NAME = AppIcon;
				CODE_SIGN_IDENTITY = "iPhone Developer";
				"CODE_SIGN_IDENTITY[sdk=iphoneos*]" = "iPhone Developer";
				INFOPLIST_FILE = Square/Info.plist;
				IPHONEOS_DEPLOYMENT_TARGET = 6.0;
				LD_RUNPATH_SEARCH_PATHS = "$(inherited) @executable_path/Frameworks";
				PRODUCT_NAME = "$(TARGET_NAME)";
				PROVISIONING_PROFILE = "";
			};
			name = Debug;
		};
		B7595DDB1A6B767600F15F8C /* Release */ = {
			isa = XCBuildConfiguration;
			buildSettings = {
				ASSETCATALOG_COMPILER_APPICON_NAME = AppIcon;
				CODE_SIGN_IDENTITY = "iPhone Developer";
				"CODE_SIGN_IDENTITY[sdk=iphoneos*]" = "iPhone Developer";
				INFOPLIST_FILE = Square/Info.plist;
				IPHONEOS_DEPLOYMENT_TARGET = 6.0;
				LD_RUNPATH_SEARCH_PATHS = "$(inherited) @executable_path/Frameworks";
				PRODUCT_NAME = "$(TARGET_NAME)";
				PROVISIONING_PROFILE = "";
			};
			name = Release;
		};
		B7595DDD1A6B767600F15F8C /* Debug */ = {
			isa = XCBuildConfiguration;
			buildSettings = {
				BUNDLE_LOADER = "$(TEST_HOST)";
				FRAMEWORK_SEARCH_PATHS = (
					"$(SDKROOT)/Developer/Library/Frameworks",
					"$(inherited)",
				);
				GCC_PREPROCESSOR_DEFINITIONS = (
					"DEBUG=1",
					"$(inherited)",
				);
				INFOPLIST_FILE = SquareTests/Info.plist;
				LD_RUNPATH_SEARCH_PATHS = "$(inherited) @executable_path/Frameworks @loader_path/Frameworks";
				PRODUCT_NAME = "$(TARGET_NAME)";
				TEST_HOST = "$(BUILT_PRODUCTS_DIR)/Square.app/Square";
			};
			name = Debug;
		};
		B7595DDE1A6B767600F15F8C /* Release */ = {
			isa = XCBuildConfiguration;
			buildSettings = {
				BUNDLE_LOADER = "$(TEST_HOST)";
				FRAMEWORK_SEARCH_PATHS = (
					"$(SDKROOT)/Developer/Library/Frameworks",
					"$(inherited)",
				);
				INFOPLIST_FILE = SquareTests/Info.plist;
				LD_RUNPATH_SEARCH_PATHS = "$(inherited) @executable_path/Frameworks @loader_path/Frameworks";
				PRODUCT_NAME = "$(TARGET_NAME)";
				TEST_HOST = "$(BUILT_PRODUCTS_DIR)/Square.app/Square";
			};
			name = Release;
		};
/* End XCBuildConfiguration section */

/* Begin XCConfigurationList section */
		B7595DB11A6B767600F15F8C /* Build configuration list for PBXProject "Square" */ = {
			isa = XCConfigurationList;
			buildConfigurations = (
				B7595DD71A6B767600F15F8C /* Debug */,
				B7595DD81A6B767600F15F8C /* Release */,
			);
			defaultConfigurationIsVisible = 0;
			defaultConfigurationName = Release;
		};
		B7595DD91A6B767600F15F8C /* Build configuration list for PBXNativeTarget "Square" */ = {
			isa = XCConfigurationList;
			buildConfigurations = (
				B7595DDA1A6B767600F15F8C /* Debug */,
				B7595DDB1A6B767600F15F8C /* Release */,
			);
			defaultConfigurationIsVisible = 0;
			defaultConfigurationName = Release;
		};
		B7595DDC1A6B767600F15F8C /* Build configuration list for PBXNativeTarget "SquareTests" */ = {
			isa = XCConfigurationList;
			buildConfigurations = (
				B7595DDD1A6B767600F15F8C /* Debug */,
				B7595DDE1A6B767600F15F8C /* Release */,
			);
			defaultConfigurationIsVisible = 0;
			defaultConfigurationName = Release;
		};
/* End XCConfigurationList section */
	};
	rootObject = B7595DAE1A6B767600F15F8C /* Project object */;
}
